
Microsoft Visual Studio Solution File, Format Version 12.00
# Visual Studio Version 17
VisualStudioVersion = 17.3.32804.467
MinimumVisualStudioVersion = 10.0.40219.1
Project("{FAE04EC0-301F-11D3-BF4B-00C04F79EFBC}") = "N1", "N1\N1.csproj", "{79DFA748-5F22-4ECA-A9B2-97FA7930EC24}"
EndProject
Global
	GlobalSection(SolutionConfigurationPlatforms) = preSolution
		Debug|Any CPU = Debug|Any CPU
		Release|Any CPU = Release|Any CPU
	EndGlobalSection
	GlobalSection(ProjectConfigurationPlatforms) = postSolution
		{79DFA748-5F22-4ECA-A9B2-97FA7930EC24}.Debug|Any CPU.ActiveCfg = Debug|Any CPU
		{79DFA748-5F22-4ECA-A9B2-97FA7930EC24}.Debug|Any CPU.Build.0 = Debug|Any CPU
		{79DFA748-5F22-4ECA-A9B2-97FA7930EC24}.Release|Any CPU.ActiveCfg = Release|Any CPU
		{79DFA748-5F22-4ECA-A9B2-97FA7930EC24}.Release|Any CPU.Build.0 = Release|Any CPU
	EndGlobalSection
	GlobalSection(SolutionProperties) = preSolution
		HideSolutionNode = FALSE
	EndGlobalSection
	GlobalSection(ExtensibilityGlobals) = postSolution
		SolutionGuid = {F7A0CCB3-2C3C-4317-9F54-5829714ED153}
	EndGlobalSection
EndGlobal
